# THIS IS AN AUTOGENERATED FILE. DO NOT EDIT THIS FILE DIRECTLY.
# yarn lockfile v1


"@type-cacheable/core@^12.0.1":
  version "12.0.1"
  resolved "https://registry.yarnpkg.com/@type-cacheable/core/-/core-12.0.1.tgz#0c53670705b941807ea6157cafe7ff75d02fb47f"
  integrity sha512-rGoVgtpm8Qg5kkPXFTwJK0IocxxzxN97G+N4v6elTtKfG6zsQIL9MfbScELFVEnxjjXzzeiM6EDToJTFrqzJzw==
  dependencies:
    reflect-metadata "^0.1.13"
    serialize-javascript "^6.0.0"

"@type-cacheable/lru-cache-adapter@^15.0.0":
  version "15.0.0"
  resolved "https://registry.yarnpkg.com/@type-cacheable/lru-cache-adapter/-/lru-cache-adapter-15.0.0.tgz#42573f8d725ee3145794c1294642b3c033562eb2"
  integrity sha512-ekAmd7JYp1m5BwG/B3fLhSCoN/iLR/irUeEo2lqpSXoriNTxYzQ5I4z0+tZOnHVxGA9HYxR1tjRqVZ07xotAIw==

"@types/node@18":
  version "18.17.5"
  resolved "https://registry.yarnpkg.com/@types/node/-/node-18.17.5.tgz#c58b12bca8c2a437b38c15270615627e96dd0bc5"
  integrity sha512-xNbS75FxH6P4UXTPUJp/zNPq6/xsfdJKussCWNOnz4aULWIRwMgP1LgaB5RiBnMX1DPCYenuqGZfnIAx5mbFLA==

lru-cache@^10.0.1:
  version "10.0.1"
  resolved "https://registry.yarnpkg.com/lru-cache/-/lru-cache-10.0.1.tgz#0a3be479df549cca0e5d693ac402ff19537a6b7a"
  integrity sha512-IJ4uwUTi2qCccrioU6g9g/5rvvVl13bsdczUUcqbciD9iLr095yj8DQKdObriEvuNSx325N1rV1O0sJFszx75g==

randombytes@^2.1.0:
  version "2.1.0"
  resolved "https://registry.yarnpkg.com/randombytes/-/randombytes-2.1.0.tgz#df6f84372f0270dc65cdf6291349ab7a473d4f2a"
  integrity sha512-vYl3iOX+4CKUWuxGi9Ukhie6fsqXqS9FE2Zaic4tNFD2N2QQaXOMFbuKK4QmDHC0JO6B1Zp41J0LpT0oR68amQ==
  dependencies:
    safe-buffer "^5.1.0"

reflect-metadata@^0.1.13:
  version "0.1.13"
  resolved "https://registry.yarnpkg.com/reflect-metadata/-/reflect-metadata-0.1.13.tgz#67ae3ca57c972a2aa1642b10fe363fe32d49dc08"
  integrity sha512-Ts1Y/anZELhSsjMcU605fU9RE4Oi3p5ORujwbIKXfWa+0Zxs510Qrmrce5/Jowq3cHSZSJqBjypxmHarc+vEWg==

safe-buffer@^5.1.0:
  version "5.2.1"
  resolved "https://registry.yarnpkg.com/safe-buffer/-/safe-buffer-5.2.1.tgz#1eaf9fa9bdb1fdd4ec75f58f9cdb4e6b7827eec6"
  integrity sha512-rp3So07KcdmmKbGvgaNxQSJr7bGVSVk5S9Eq1F+ppbRo70+YeaDxkw5Dd8NPN+GD6bjnYm2VuPuCXmpuYvmCXQ==

serialize-javascript@^6.0.0:
  version "6.0.1"
  resolved "https://registry.yarnpkg.com/serialize-javascript/-/serialize-javascript-6.0.1.tgz#b206efb27c3da0b0ab6b52f48d170b7996458e5c"
  integrity sha512-owoXEFjWRllis8/M1Q+Cw5k8ZH40e3zhp/ovX+Xr/vi1qj6QesbyXXViFbpNvWvPNAD62SutwEXavefrLJWj7w==
  dependencies:
    randombytes "^2.1.0"

typescript@^5.1.6:
  version "5.1.6"
  resolved "https://registry.yarnpkg.com/typescript/-/typescript-5.1.6.tgz#02f8ac202b6dad2c0dd5e0913745b47a37998274"
  integrity sha512-zaWCozRZ6DLEWAWFrVDz1H6FVXzUSfTy5FUMWsQlU8Ym5JP9eO4xkTIROFCQvhQf61z6O/G6ugw3SgAnvvm+HA==
